
Microsoft Visual Studio Solution File, Format Version 12.00
# Visual Studio Version 17
VisualStudioVersion = 17.5.002.0
MinimumVisualStudioVersion = 10.0.40219.1
Project("{9A19103F-16F7-4668-BE54-9A1E7A4F7556}") = "GameStore.Api", "GameStore.Api\GameStore.Api.csproj", "{E27CD2EF-1014-437E-A7FD-ECC97C2E7824}"
EndProject
Global
	GlobalSection(SolutionConfigurationPlatforms) = preSolution
		Debug|Any CPU = Debug|Any CPU
		Release|Any CPU = Release|Any CPU
	EndGlobalSection
	GlobalSection(ProjectConfigurationPlatforms) = postSolution
		{E27CD2EF-1014-437E-A7FD-ECC97C2E7824}.Debug|Any CPU.ActiveCfg = Debug|Any CPU
		{E27CD2EF-1014-437E-A7FD-ECC97C2E7824}.Debug|Any CPU.Build.0 = Debug|Any CPU
		{E27CD2EF-1014-437E-A7FD-ECC97C2E7824}.Release|Any CPU.ActiveCfg = Release|Any CPU
		{E27CD2EF-1014-437E-A7FD-ECC97C2E7824}.Release|Any CPU.Build.0 = Release|Any CPU
	EndGlobalSection
	GlobalSection(SolutionProperties) = preSolution
		HideSolutionNode = FALSE
	EndGlobalSection
	GlobalSection(ExtensibilityGlobals) = postSolution
		SolutionGuid = {88F7FE9A-3D99-423D-8F51-BBBB35B418C7}
	EndGlobalSection
EndGlobal
